# This file is automatically @generated by Cargo.
# It is not intended for manual editing.
version = 4

[[package]]
name = "noderium-ai"
version = "0.0.1"

[[package]]
name = "noderium-app-core"
version = "0.0.1"

[[package]]
name = "noderium-core"
version = "0.0.1"

[[package]]
name = "noderium-crdt"
version = "0.0.1"

[[package]]
name = "noderium-desktop"
version = "0.0.1"

[[package]]
name = "noderium-search"
version = "0.0.1"

[[package]]
name = "noderium-srs"
version = "0.0.1"

[[package]]
name = "noderium-store"
version = "0.0.1"

[[package]]
name = "noderium-sync-client"
version = "0.0.1"

[[package]]
name = "noderium-sync-server"
version = "0.0.1"
